// !$*UTF8*$!
{
	archiveVersion = 1;
	classes = {
	};
	objectVersion = 46;
	objects = {

/* Begin PBXBuildFile section */
		EF01C8201EF897BF00AE7F86 /* SigUpViewController.swift in Sources */ = {isa = PBXBuildFile; fileRef = EF01C81F1EF897BF00AE7F86 /* SigUpViewController.swift */; };
		EF01C8241EF991D800AE7F86 /* Recipe.swift in Sources */ = {isa = PBXBuildFile; fileRef = EF01C8231EF991D800AE7F86 /* Recipe.swift */; };
		EF01C8271EF9982200AE7F86 /* RecipeList.swift in Sources */ = {isa = PBXBuildFile; fileRef = EF01C8261EF9982200AE7F86 /* RecipeList.swift */; };
		EF01C83A1EFA385D00AE7F86 /* TabBarController.swift in Sources */ = {isa = PBXBuildFile; fileRef = EF01C8391EFA385D00AE7F86 /* TabBarController.swift */; };
		EF01C83C1EFAB93D00AE7F86 /* flavor_icons in Resources */ = {isa = PBXBuildFile; fileRef = EF01C83B1EFAB93D00AE7F86 /* flavor_icons */; };
		EF07259B1EF8493300A446E7 /* LogInViewController.swift in Sources */ = {isa = PBXBuildFile; fileRef = EF07259A1EF8493300A446E7 /* LogInViewController.swift */; };
		EF07259D1EF84C7700A446E7 /* CustomTextField.swift in Sources */ = {isa = PBXBuildFile; fileRef = EF07259C1EF84C7700A446E7 /* CustomTextField.swift */; };
		EF4EA09C1EFAC136003816BD /* HomeTableViewController.swift in Sources */ = {isa = PBXBuildFile; fileRef = EF4EA09B1EFAC136003816BD /* HomeTableViewController.swift */; };
		EF4EA09E1EFAC1FF003816BD /* LatestRecipeTableViewCell.swift in Sources */ = {isa = PBXBuildFile; fileRef = EF4EA09D1EFAC1FF003816BD /* LatestRecipeTableViewCell.swift */; };
		EF4EA0A01EFACE14003816BD /* icons8-Clock-48.png in Resources */ = {isa = PBXBuildFile; fileRef = EF4EA09F1EFACE14003816BD /* icons8-Clock-48.png */; };
		EF4EA0A21EFAD054003816BD /* icons8-Menu-48.png in Resources */ = {isa = PBXBuildFile; fileRef = EF4EA0A11EFAD054003816BD /* icons8-Menu-48.png */; };
		EF4EA0A41EFAD073003816BD /* icons8-Restaurant-26.png in Resources */ = {isa = PBXBuildFile; fileRef = EF4EA0A31EFAD073003816BD /* icons8-Restaurant-26.png */; };
		EF5F0E6B1EFC119C00BF7722 /* TestTableViewController.swift in Sources */ = {isa = PBXBuildFile; fileRef = EF5F0E6A1EFC119C00BF7722 /* TestTableViewController.swift */; };
		EF5F0E6D1EFC19FC00BF7722 /* TestTableViewCell.swift in Sources */ = {isa = PBXBuildFile; fileRef = EF5F0E6C1EFC19FC00BF7722 /* TestTableViewCell.swift */; };
		EF7A0A481EFFE4ED00F19C49 /* TestTableViewCellPrototype.swift in Sources */ = {isa = PBXBuildFile; fileRef = EF7A0A471EFFE4ED00F19C49 /* TestTableViewCellPrototype.swift */; };
		EF7A0A4A1F0196EE00F19C49 /* CategoryTableViewController.swift in Sources */ = {isa = PBXBuildFile; fileRef = EF7A0A491F0196EE00F19C49 /* CategoryTableViewController.swift */; };
		EF7A0A4D1F01975500F19C49 /* CategoryTableViewCell.swift in Sources */ = {isa = PBXBuildFile; fileRef = EF7A0A4C1F01975500F19C49 /* CategoryTableViewCell.swift */; };
		EF7D3CCF1F02D78A0006CF27 /* CustomView.swift in Sources */ = {isa = PBXBuildFile; fileRef = EF7D3CCE1F02D78A0006CF27 /* CustomView.swift */; };
		EF7D3CD11F02EAF40006CF27 /* RecipeOpenTableViewController.swift in Sources */ = {isa = PBXBuildFile; fileRef = EF7D3CD01F02EAF40006CF27 /* RecipeOpenTableViewController.swift */; };
		EF7D3CD31F02EB7B0006CF27 /* RecipeOpenTableViewCell.swift in Sources */ = {isa = PBXBuildFile; fileRef = EF7D3CD21F02EB7B0006CF27 /* RecipeOpenTableViewCell.swift */; };
		EF846C0D1EFC2264001B9C87 /* homeTableViewHeader.xib in Resources */ = {isa = PBXBuildFile; fileRef = EF846C0C1EFC2264001B9C87 /* homeTableViewHeader.xib */; };
		EF846C0F1EFC2859001B9C87 /* HomeTableViewHeaderView.swift in Sources */ = {isa = PBXBuildFile; fileRef = EF846C0E1EFC2859001B9C87 /* HomeTableViewHeaderView.swift */; };
		EF846C111EFC346D001B9C87 /* homeCollectionViewHeader.xib in Resources */ = {isa = PBXBuildFile; fileRef = EF846C101EFC346D001B9C87 /* homeCollectionViewHeader.xib */; };
		EF846C131EFC356F001B9C87 /* HomeCollectionReusableViewHeader.swift in Sources */ = {isa = PBXBuildFile; fileRef = EF846C121EFC356F001B9C87 /* HomeCollectionReusableViewHeader.swift */; };
		EFA13B931F01D419003E2D6B /* CategoryOpenTableViewController.swift in Sources */ = {isa = PBXBuildFile; fileRef = EFA13B921F01D419003E2D6B /* CategoryOpenTableViewController.swift */; };
		EFA13B951F01D43D003E2D6B /* CategoryOpenTableViewCell.swift in Sources */ = {isa = PBXBuildFile; fileRef = EFA13B941F01D43D003E2D6B /* CategoryOpenTableViewCell.swift */; };
		EFB2B5F01EFB83F700CD8B10 /* soup@3x.png in Resources */ = {isa = PBXBuildFile; fileRef = EFB2B5ED1EFB83F700CD8B10 /* soup@3x.png */; };
		EFB2B5F11EFB83F700CD8B10 /* soup@2x.png in Resources */ = {isa = PBXBuildFile; fileRef = EFB2B5EE1EFB83F700CD8B10 /* soup@2x.png */; };
		EFB2B5F21EFB83F700CD8B10 /* soup.png in Resources */ = {isa = PBXBuildFile; fileRef = EFB2B5EF1EFB83F700CD8B10 /* soup.png */; };
		EFB2B5F41EFB845300CD8B10 /* Assets.xcassets in Resources */ = {isa = PBXBuildFile; fileRef = EFB2B5F31EFB845300CD8B10 /* Assets.xcassets */; };
		EFB2B5F61EFB854E00CD8B10 /* FeaturedRecipesCollectionViewCell.swift in Sources */ = {isa = PBXBuildFile; fileRef = EFB2B5F51EFB854E00CD8B10 /* FeaturedRecipesCollectionViewCell.swift */; };
		EFC30FAC1F01AE4B00B08829 /* FavoriteTableViewController.swift in Sources */ = {isa = PBXBuildFile; fileRef = EFC30FAB1F01AE4B00B08829 /* FavoriteTableViewController.swift */; };
		EFC30FAE1F01AEB400B08829 /* FavoriteTableViewCell.swift in Sources */ = {isa = PBXBuildFile; fileRef = EFC30FAD1F01AEB400B08829 /* FavoriteTableViewCell.swift */; };
		EFDBEBA21EF54B3000B6E836 /* AppDelegate.swift in Sources */ = {isa = PBXBuildFile; fileRef = EFDBEBA11EF54B3000B6E836 /* AppDelegate.swift */; };
		EFDBEBA71EF54B3000B6E836 /* Main.storyboard in Resources */ = {isa = PBXBuildFile; fileRef = EFDBEBA51EF54B3000B6E836 /* Main.storyboard */; };
		EFDBEBAA1EF54B3000B6E836 /* FLAVOR.xcdatamodeld in Sources */ = {isa = PBXBuildFile; fileRef = EFDBEBA81EF54B3000B6E836 /* FLAVOR.xcdatamodeld */; };
		EFDBEBAF1EF54B3000B6E836 /* LaunchScreen.storyboard in Resources */ = {isa = PBXBuildFile; fileRef = EFDBEBAD1EF54B3000B6E836 /* LaunchScreen.storyboard */; };
		EFDBEBB71EF54F5B00B6E836 /* Chameleon.framework in Frameworks */ = {isa = PBXBuildFile; fileRef = EFDBEBB61EF54F5B00B6E836 /* Chameleon.framework */; };
		EFDBEBB81EF54F5B00B6E836 /* Chameleon.framework in Embed Frameworks */ = {isa = PBXBuildFile; fileRef = EFDBEBB61EF54F5B00B6E836 /* Chameleon.framework */; settings = {ATTRIBUTES = (CodeSignOnCopy, RemoveHeadersOnCopy, ); }; };
		EFDBEBBE1EF558DF00B6E836 /* Montserrat in Resources */ = {isa = PBXBuildFile; fileRef = EFDBEBBD1EF558DF00B6E836 /* Montserrat */; };
		EFDBEBC01EF55B9100B6E836 /* SanFranciscoFont-master in Resources */ = {isa = PBXBuildFile; fileRef = EFDBEBBF1EF55B9100B6E836 /* SanFranciscoFont-master */; };
		EFDBEBC21EF55D5300B6E836 /* CustomColor.swift in Sources */ = {isa = PBXBuildFile; fileRef = EFDBEBC11EF55D5300B6E836 /* CustomColor.swift */; };
		EFDBEBC51EF6284700B6E836 /* CustomButton.swift in Sources */ = {isa = PBXBuildFile; fileRef = EFDBEBC41EF6284700B6E836 /* CustomButton.swift */; };
		EFDBEBC71EF6B7FC00B6E836 /* LogInSignUpViewController.swift in Sources */ = {isa = PBXBuildFile; fileRef = EFDBEBC61EF6B7FC00B6E836 /* LogInSignUpViewController.swift */; };
		EFDBEBC91EF830AC00B6E836 /* CustomLabel.swift in Sources */ = {isa = PBXBuildFile; fileRef = EFDBEBC81EF830AC00B6E836 /* CustomLabel.swift */; };
/* End PBXBuildFile section */

/* Begin PBXCopyFilesBuildPhase section */
		EFDBEBB91EF54F5B00B6E836 /* Embed Frameworks */ = {
			isa = PBXCopyFilesBuildPhase;
			buildActionMask = 2147483647;
			dstPath = "";
			dstSubfolderSpec = 10;
			files = (
				EFDBEBB81EF54F5B00B6E836 /* Chameleon.framework in Embed Frameworks */,
			);
			name = "Embed Frameworks";
			runOnlyForDeploymentPostprocessing = 0;
		};
/* End PBXCopyFilesBuildPhase section */

/* Begin PBXFileReference section */
		EF01C81F1EF897BF00AE7F86 /* SigUpViewController.swift */ = {isa = PBXFileReference; fileEncoding = 4; lastKnownFileType = sourcecode.swift; path = SigUpViewController.swift; sourceTree = "<group>"; };
		EF01C8231EF991D800AE7F86 /* Recipe.swift */ = {isa = PBXFileReference; fileEncoding = 4; lastKnownFileType = sourcecode.swift; path = Recipe.swift; sourceTree = "<group>"; };
		EF01C8261EF9982200AE7F86 /* RecipeList.swift */ = {isa = PBXFileReference; fileEncoding = 4; lastKnownFileType = sourcecode.swift; path = RecipeList.swift; sourceTree = "<group>"; };
		EF01C8391EFA385D00AE7F86 /* TabBarController.swift */ = {isa = PBXFileReference; fileEncoding = 4; lastKnownFileType = sourcecode.swift; path = TabBarController.swift; sourceTree = "<group>"; };
		EF01C83B1EFAB93D00AE7F86 /* flavor_icons */ = {isa = PBXFileReference; lastKnownFileType = folder; path = flavor_icons; sourceTree = "<group>"; };
		EF0725971EF8470E00A446E7 /* SanFranciscoFont-master */ = {isa = PBXFileReference; lastKnownFileType = folder; path = "SanFranciscoFont-master"; sourceTree = "<group>"; };
		EF0725981EF8472E00A446E7 /* Montserrat */ = {isa = PBXFileReference; lastKnownFileType = folder; path = Montserrat; sourceTree = "<group>"; };
		EF07259A1EF8493300A446E7 /* LogInViewController.swift */ = {isa = PBXFileReference; fileEncoding = 4; lastKnownFileType = sourcecode.swift; path = LogInViewController.swift; sourceTree = "<group>"; };
		EF07259C1EF84C7700A446E7 /* CustomTextField.swift */ = {isa = PBXFileReference; fileEncoding = 4; lastKnownFileType = sourcecode.swift; path = CustomTextField.swift; sourceTree = "<group>"; };
		EF4EA09B1EFAC136003816BD /* HomeTableViewController.swift */ = {isa = PBXFileReference; fileEncoding = 4; lastKnownFileType = sourcecode.swift; path = HomeTableViewController.swift; sourceTree = "<group>"; };
		EF4EA09D1EFAC1FF003816BD /* LatestRecipeTableViewCell.swift */ = {isa = PBXFileReference; fileEncoding = 4; lastKnownFileType = sourcecode.swift; path = LatestRecipeTableViewCell.swift; sourceTree = "<group>"; };
		EF4EA09F1EFACE14003816BD /* icons8-Clock-48.png */ = {isa = PBXFileReference; lastKnownFileType = image.png; path = "icons8-Clock-48.png"; sourceTree = "<group>"; };
		EF4EA0A11EFAD054003816BD /* icons8-Menu-48.png */ = {isa = PBXFileReference; lastKnownFileType = image.png; path = "icons8-Menu-48.png"; sourceTree = "<group>"; };
		EF4EA0A31EFAD073003816BD /* icons8-Restaurant-26.png */ = {isa = PBXFileReference; lastKnownFileType = image.png; path = "icons8-Restaurant-26.png"; sourceTree = "<group>"; };
		EF5F0E6A1EFC119C00BF7722 /* TestTableViewController.swift */ = {isa = PBXFileReference; fileEncoding = 4; lastKnownFileType = sourcecode.swift; path = TestTableViewController.swift; sourceTree = "<group>"; };
		EF5F0E6C1EFC19FC00BF7722 /* TestTableViewCell.swift */ = {isa = PBXFileReference; fileEncoding = 4; lastKnownFileType = sourcecode.swift; path = TestTableViewCell.swift; sourceTree = "<group>"; };
		EF7A0A471EFFE4ED00F19C49 /* TestTableViewCellPrototype.swift */ = {isa = PBXFileReference; fileEncoding = 4; lastKnownFileType = sourcecode.swift; path = TestTableViewCellPrototype.swift; sourceTree = "<group>"; };
		EF7A0A491F0196EE00F19C49 /* CategoryTableViewController.swift */ = {isa = PBXFileReference; fileEncoding = 4; lastKnownFileType = sourcecode.swift; path = CategoryTableViewController.swift; sourceTree = "<group>"; };
		EF7A0A4C1F01975500F19C49 /* CategoryTableViewCell.swift */ = {isa = PBXFileReference; fileEncoding = 4; lastKnownFileType = sourcecode.swift; path = CategoryTableViewCell.swift; sourceTree = "<group>"; };
		EF7D3CCE1F02D78A0006CF27 /* CustomView.swift */ = {isa = PBXFileReference; fileEncoding = 4; lastKnownFileType = sourcecode.swift; path = CustomView.swift; sourceTree = "<group>"; };
		EF7D3CD01F02EAF40006CF27 /* RecipeOpenTableViewController.swift */ = {isa = PBXFileReference; fileEncoding = 4; lastKnownFileType = sourcecode.swift; path = RecipeOpenTableViewController.swift; sourceTree = "<group>"; };
		EF7D3CD21F02EB7B0006CF27 /* RecipeOpenTableViewCell.swift */ = {isa = PBXFileReference; fileEncoding = 4; lastKnownFileType = sourcecode.swift; path = RecipeOpenTableViewCell.swift; sourceTree = "<group>"; };
		EF846C0C1EFC2264001B9C87 /* homeTableViewHeader.xib */ = {isa = PBXFileReference; fileEncoding = 4; lastKnownFileType = file.xib; path = homeTableViewHeader.xib; sourceTree = "<group>"; };
		EF846C0E1EFC2859001B9C87 /* HomeTableViewHeaderView.swift */ = {isa = PBXFileReference; fileEncoding = 4; lastKnownFileType = sourcecode.swift; path = HomeTableViewHeaderView.swift; sourceTree = "<group>"; };
		EF846C101EFC346D001B9C87 /* homeCollectionViewHeader.xib */ = {isa = PBXFileReference; fileEncoding = 4; lastKnownFileType = file.xib; path = homeCollectionViewHeader.xib; sourceTree = "<group>"; };
		EF846C121EFC356F001B9C87 /* HomeCollectionReusableViewHeader.swift */ = {isa = PBXFileReference; fileEncoding = 4; lastKnownFileType = sourcecode.swift; path = HomeCollectionReusableViewHeader.swift; sourceTree = "<group>"; };
		EFA13B921F01D419003E2D6B /* CategoryOpenTableViewController.swift */ = {isa = PBXFileReference; fileEncoding = 4; lastKnownFileType = sourcecode.swift; path = CategoryOpenTableViewController.swift; sourceTree = "<group>"; };
		EFA13B941F01D43D003E2D6B /* CategoryOpenTableViewCell.swift */ = {isa = PBXFileReference; fileEncoding = 4; lastKnownFileType = sourcecode.swift; path = CategoryOpenTableViewCell.swift; sourceTree = "<group>"; };
		EFB2B5ED1EFB83F700CD8B10 /* soup@3x.png */ = {isa = PBXFileReference; lastKnownFileType = image.png; path = "soup@3x.png"; sourceTree = "<group>"; };
		EFB2B5EE1EFB83F700CD8B10 /* soup@2x.png */ = {isa = PBXFileReference; lastKnownFileType = image.png; path = "soup@2x.png"; sourceTree = "<group>"; };
		EFB2B5EF1EFB83F700CD8B10 /* soup.png */ = {isa = PBXFileReference; lastKnownFileType = image.png; path = soup.png; sourceTree = "<group>"; };
		EFB2B5F31EFB845300CD8B10 /* Assets.xcassets */ = {isa = PBXFileReference; lastKnownFileType = folder.assetcatalog; path = Assets.xcassets; sourceTree = "<group>"; };
		EFB2B5F51EFB854E00CD8B10 /* FeaturedRecipesCollectionViewCell.swift */ = {isa = PBXFileReference; fileEncoding = 4; lastKnownFileType = sourcecode.swift; path = FeaturedRecipesCollectionViewCell.swift; sourceTree = "<group>"; };
		EFC30FAB1F01AE4B00B08829 /* FavoriteTableViewController.swift */ = {isa = PBXFileReference; fileEncoding = 4; lastKnownFileType = sourcecode.swift; path = FavoriteTableViewController.swift; sourceTree = "<group>"; };
		EFC30FAD1F01AEB400B08829 /* FavoriteTableViewCell.swift */ = {isa = PBXFileReference; fileEncoding = 4; lastKnownFileType = sourcecode.swift; path = FavoriteTableViewCell.swift; sourceTree = "<group>"; };
		EFDBEB9E1EF54B2F00B6E836 /* FLAVOR.app */ = {isa = PBXFileReference; explicitFileType = wrapper.application; includeInIndex = 0; path = FLAVOR.app; sourceTree = BUILT_PRODUCTS_DIR; };
		EFDBEBA11EF54B3000B6E836 /* AppDelegate.swift */ = {isa = PBXFileReference; lastKnownFileType = sourcecode.swift; path = AppDelegate.swift; sourceTree = "<group>"; };
		EFDBEBA61EF54B3000B6E836 /* Base */ = {isa = PBXFileReference; lastKnownFileType = file.storyboard; name = Base; path = Base.lproj/Main.storyboard; sourceTree = "<group>"; };
		EFDBEBA91EF54B3000B6E836 /* FLAVOR.xcdatamodel */ = {isa = PBXFileReference; lastKnownFileType = wrapper.xcdatamodel; path = FLAVOR.xcdatamodel; sourceTree = "<group>"; };
		EFDBEBAE1EF54B3000B6E836 /* Base */ = {isa = PBXFileReference; lastKnownFileType = file.storyboard; name = Base; path = Base.lproj/LaunchScreen.storyboard; sourceTree = "<group>"; };
		EFDBEBB01EF54B3000B6E836 /* Info.plist */ = {isa = PBXFileReference; lastKnownFileType = text.plist.xml; path = Info.plist; sourceTree = "<group>"; };
		EFDBEBB61EF54F5B00B6E836 /* Chameleon.framework */ = {isa = PBXFileReference; lastKnownFileType = wrapper.framework; name = Chameleon.framework; path = ../Carthage/Build/iOS/Chameleon.framework; sourceTree = "<group>"; };
		EFDBEBBD1EF558DF00B6E836 /* Montserrat */ = {isa = PBXFileReference; lastKnownFileType = folder; path = Montserrat; sourceTree = "<group>"; };
		EFDBEBBF1EF55B9100B6E836 /* SanFranciscoFont-master */ = {isa = PBXFileReference; lastKnownFileType = folder; path = "SanFranciscoFont-master"; sourceTree = "<group>"; };
		EFDBEBC11EF55D5300B6E836 /* CustomColor.swift */ = {isa = PBXFileReference; fileEncoding = 4; lastKnownFileType = sourcecode.swift; path = CustomColor.swift; sourceTree = "<group>"; };
		EFDBEBC41EF6284700B6E836 /* CustomButton.swift */ = {isa = PBXFileReference; fileEncoding = 4; lastKnownFileType = sourcecode.swift; path = CustomButton.swift; sourceTree = "<group>"; };
		EFDBEBC61EF6B7FC00B6E836 /* LogInSignUpViewController.swift */ = {isa = PBXFileReference; fileEncoding = 4; lastKnownFileType = sourcecode.swift; path = LogInSignUpViewController.swift; sourceTree = "<group>"; };
		EFDBEBC81EF830AC00B6E836 /* CustomLabel.swift */ = {isa = PBXFileReference; fileEncoding = 4; lastKnownFileType = sourcecode.swift; path = CustomLabel.swift; sourceTree = "<group>"; };
/* End PBXFileReference section */

/* Begin PBXFrameworksBuildPhase section */
		EFDBEB9B1EF54B2F00B6E836 /* Frameworks */ = {
			isa = PBXFrameworksBuildPhase;
			buildActionMask = 2147483647;
			files = (
				EFDBEBB71EF54F5B00B6E836 /* Chameleon.framework in Frameworks */,
			);
			runOnlyForDeploymentPostprocessing = 0;
		};
/* End PBXFrameworksBuildPhase section */

/* Begin PBXGroup section */
		EF01C8251EF997C400AE7F86 /* Model */ = {
			isa = PBXGroup;
			children = (
				EF01C8231EF991D800AE7F86 /* Recipe.swift */,
				EF01C8261EF9982200AE7F86 /* RecipeList.swift */,
			);
			name = Model;
			sourceTree = "<group>";
		};
		EF0725991EF848E300A446E7 /* View Controllers */ = {
			isa = PBXGroup;
			children = (
				EFDBEBC61EF6B7FC00B6E836 /* LogInSignUpViewController.swift */,
				EF07259A1EF8493300A446E7 /* LogInViewController.swift */,
				EF01C81F1EF897BF00AE7F86 /* SigUpViewController.swift */,
				EF01C8391EFA385D00AE7F86 /* TabBarController.swift */,
				EF4EA09B1EFAC136003816BD /* HomeTableViewController.swift */,
				EF7A0A491F0196EE00F19C49 /* CategoryTableViewController.swift */,
				EFC30FAB1F01AE4B00B08829 /* FavoriteTableViewController.swift */,
				EFA13B921F01D419003E2D6B /* CategoryOpenTableViewController.swift */,
				EF5F0E6E1EFC1A0900BF7722 /* Test */,
				EF7D3CD01F02EAF40006CF27 /* RecipeOpenTableViewController.swift */,
			);
			name = "View Controllers";
			sourceTree = "<group>";
		};
		EF5F0E6E1EFC1A0900BF7722 /* Test */ = {
			isa = PBXGroup;
			children = (
				EF5F0E6A1EFC119C00BF7722 /* TestTableViewController.swift */,
				EF5F0E6C1EFC19FC00BF7722 /* TestTableViewCell.swift */,
				EF7A0A471EFFE4ED00F19C49 /* TestTableViewCellPrototype.swift */,
			);
			name = Test;
			sourceTree = "<group>";
		};
		EF7A0A4B1F01972C00F19C49 /* VIEW */ = {
			isa = PBXGroup;
			children = (
				EF7A0A4C1F01975500F19C49 /* CategoryTableViewCell.swift */,
				EF4EA09D1EFAC1FF003816BD /* LatestRecipeTableViewCell.swift */,
				EFB2B5F51EFB854E00CD8B10 /* FeaturedRecipesCollectionViewCell.swift */,
				EFC30FAD1F01AEB400B08829 /* FavoriteTableViewCell.swift */,
				EFA13B941F01D43D003E2D6B /* CategoryOpenTableViewCell.swift */,
				EF7D3CD21F02EB7B0006CF27 /* RecipeOpenTableViewCell.swift */,
			);
			name = VIEW;
			sourceTree = "<group>";
		};
		EFDBEB951EF54B2F00B6E836 = {
			isa = PBXGroup;
			children = (
				EF0725981EF8472E00A446E7 /* Montserrat */,
				EF0725971EF8470E00A446E7 /* SanFranciscoFont-master */,
				EFDBEBA01EF54B2F00B6E836 /* FLAVOR */,
				EFDBEBBA1EF558CB00B6E836 /* Fonts */,
				EFDBEB9F1EF54B2F00B6E836 /* Products */,
			);
			sourceTree = "<group>";
		};
		EFDBEB9F1EF54B2F00B6E836 /* Products */ = {
			isa = PBXGroup;
			children = (
				EFDBEB9E1EF54B2F00B6E836 /* FLAVOR.app */,
			);
			name = Products;
			sourceTree = "<group>";
		};
		EFDBEBA01EF54B2F00B6E836 /* FLAVOR */ = {
			isa = PBXGroup;
			children = (
				EF7A0A4B1F01972C00F19C49 /* VIEW */,
				EF0725991EF848E300A446E7 /* View Controllers */,
				EFDBEBC31EF6280400B6E836 /* Custom Views */,
				EF01C8251EF997C400AE7F86 /* Model */,
				EFDBEBA11EF54B3000B6E836 /* AppDelegate.swift */,
				EFDBEBC11EF55D5300B6E836 /* CustomColor.swift */,
				EFDBEBA51EF54B3000B6E836 /* Main.storyboard */,
				EFB2B5F31EFB845300CD8B10 /* Assets.xcassets */,
				EFB2B5ED1EFB83F700CD8B10 /* soup@3x.png */,
				EFB2B5EE1EFB83F700CD8B10 /* soup@2x.png */,
				EFB2B5EF1EFB83F700CD8B10 /* soup.png */,
				EF4EA0A11EFAD054003816BD /* icons8-Menu-48.png */,
				EF4EA09F1EFACE14003816BD /* icons8-Clock-48.png */,
				EF4EA0A31EFAD073003816BD /* icons8-Restaurant-26.png */,
				EF01C83B1EFAB93D00AE7F86 /* flavor_icons */,
				EFDBEBAD1EF54B3000B6E836 /* LaunchScreen.storyboard */,
				EFDBEBB01EF54B3000B6E836 /* Info.plist */,
				EFDBEBA81EF54B3000B6E836 /* FLAVOR.xcdatamodeld */,
				EFDBEBB61EF54F5B00B6E836 /* Chameleon.framework */,
			);
			path = FLAVOR;
			sourceTree = "<group>";
		};
		EFDBEBBA1EF558CB00B6E836 /* Fonts */ = {
			isa = PBXGroup;
			children = (
				EFDBEBBF1EF55B9100B6E836 /* SanFranciscoFont-master */,
				EFDBEBBD1EF558DF00B6E836 /* Montserrat */,
			);
			name = Fonts;
			sourceTree = "<group>";
		};
		EFDBEBC31EF6280400B6E836 /* Custom Views */ = {
			isa = PBXGroup;
			children = (
				EFDBEBC41EF6284700B6E836 /* CustomButton.swift */,
				EFDBEBC81EF830AC00B6E836 /* CustomLabel.swift */,
				EF07259C1EF84C7700A446E7 /* CustomTextField.swift */,
				EF846C0C1EFC2264001B9C87 /* homeTableViewHeader.xib */,
				EF846C0E1EFC2859001B9C87 /* HomeTableViewHeaderView.swift */,
				EF846C101EFC346D001B9C87 /* homeCollectionViewHeader.xib */,
				EF846C121EFC356F001B9C87 /* HomeCollectionReusableViewHeader.swift */,
				EF7D3CCE1F02D78A0006CF27 /* CustomView.swift */,
			);
			name = "Custom Views";
			sourceTree = "<group>";
		};
/* End PBXGroup section */

/* Begin PBXNativeTarget section */
		EFDBEB9D1EF54B2F00B6E836 /* FLAVOR */ = {
			isa = PBXNativeTarget;
			buildConfigurationList = EFDBEBB31EF54B3000B6E836 /* Build configuration list for PBXNativeTarget "FLAVOR" */;
			buildPhases = (
				EFDBEB9A1EF54B2F00B6E836 /* Sources */,
				EFDBEB9B1EF54B2F00B6E836 /* Frameworks */,
				EFDBEB9C1EF54B2F00B6E836 /* Resources */,
				EFDBEBB91EF54F5B00B6E836 /* Embed Frameworks */,
			);
			buildRules = (
			);
			dependencies = (
			);
			name = FLAVOR;
			productName = FLAVOR;
			productReference = EFDBEB9E1EF54B2F00B6E836 /* FLAVOR.app */;
			productType = "com.apple.product-type.application";
		};
/* End PBXNativeTarget section */

/* Begin PBXProject section */
		EFDBEB961EF54B2F00B6E836 /* Project object */ = {
			isa = PBXProject;
			attributes = {
				LastSwiftUpdateCheck = 0830;
				LastUpgradeCheck = 0830;
				ORGANIZATIONNAME = "Chidi Emeh";
				TargetAttributes = {
					EFDBEB9D1EF54B2F00B6E836 = {
						CreatedOnToolsVersion = 8.3.2;
						ProvisioningStyle = Automatic;
					};
				};
			};
			buildConfigurationList = EFDBEB991EF54B2F00B6E836 /* Build configuration list for PBXProject "FLAVOR" */;
			compatibilityVersion = "Xcode 3.2";
			developmentRegion = English;
			hasScannedForEncodings = 0;
			knownRegions = (
				en,
				Base,
			);
			mainGroup = EFDBEB951EF54B2F00B6E836;
			productRefGroup = EFDBEB9F1EF54B2F00B6E836 /* Products */;
			projectDirPath = "";
			projectRoot = "";
			targets = (
				EFDBEB9D1EF54B2F00B6E836 /* FLAVOR */,
			);
		};
/* End PBXProject section */

/* Begin PBXResourcesBuildPhase section */
		EFDBEB9C1EF54B2F00B6E836 /* Resources */ = {
			isa = PBXResourcesBuildPhase;
			buildActionMask = 2147483647;
			files = (
				EFDBEBBE1EF558DF00B6E836 /* Montserrat in Resources */,
				EF01C83C1EFAB93D00AE7F86 /* flavor_icons in Resources */,
				EFB2B5F21EFB83F700CD8B10 /* soup.png in Resources */,
				EFDBEBC01EF55B9100B6E836 /* SanFranciscoFont-master in Resources */,
				EFDBEBAF1EF54B3000B6E836 /* LaunchScreen.storyboard in Resources */,
				EF4EA0A21EFAD054003816BD /* icons8-Menu-48.png in Resources */,
				EF846C0D1EFC2264001B9C87 /* homeTableViewHeader.xib in Resources */,
				EFB2B5F11EFB83F700CD8B10 /* soup@2x.png in Resources */,
				EF4EA0A41EFAD073003816BD /* icons8-Restaurant-26.png in Resources */,
				EF4EA0A01EFACE14003816BD /* icons8-Clock-48.png in Resources */,
				EFB2B5F01EFB83F700CD8B10 /* soup@3x.png in Resources */,
				EFB2B5F41EFB845300CD8B10 /* Assets.xcassets in Resources */,
				EF846C111EFC346D001B9C87 /* homeCollectionViewHeader.xib in Resources */,
				EFDBEBA71EF54B3000B6E836 /* Main.storyboard in Resources */,
			);
			runOnlyForDeploymentPostprocessing = 0;
		};
/* End PBXResourcesBuildPhase section */

/* Begin PBXSourcesBuildPhase section */
		EFDBEB9A1EF54B2F00B6E836 /* Sources */ = {
			isa = PBXSourcesBuildPhase;
			buildActionMask = 2147483647;
			files = (
				EF7D3CD31F02EB7B0006CF27 /* RecipeOpenTableViewCell.swift in Sources */,
				EF01C8201EF897BF00AE7F86 /* SigUpViewController.swift in Sources */,
				EFC30FAE1F01AEB400B08829 /* FavoriteTableViewCell.swift in Sources */,
				EFA13B931F01D419003E2D6B /* CategoryOpenTableViewController.swift in Sources */,
				EFA13B951F01D43D003E2D6B /* CategoryOpenTableViewCell.swift in Sources */,
				EFC30FAC1F01AE4B00B08829 /* FavoriteTableViewController.swift in Sources */,
				EF01C83A1EFA385D00AE7F86 /* TabBarController.swift in Sources */,
				EFDBEBAA1EF54B3000B6E836 /* FLAVOR.xcdatamodeld in Sources */,
				EF4EA09C1EFAC136003816BD /* HomeTableViewController.swift in Sources */,
				EF5F0E6D1EFC19FC00BF7722 /* TestTableViewCell.swift in Sources */,
				EF846C131EFC356F001B9C87 /* HomeCollectionReusableViewHeader.swift in Sources */,
				EFDBEBC91EF830AC00B6E836 /* CustomLabel.swift in Sources */,
				EF846C0F1EFC2859001B9C87 /* HomeTableViewHeaderView.swift in Sources */,
				EF7A0A481EFFE4ED00F19C49 /* TestTableViewCellPrototype.swift in Sources */,
				EF4EA09E1EFAC1FF003816BD /* LatestRecipeTableViewCell.swift in Sources */,
				EFDBEBC21EF55D5300B6E836 /* CustomColor.swift in Sources */,
				EF07259B1EF8493300A446E7 /* LogInViewController.swift in Sources */,
				EFB2B5F61EFB854E00CD8B10 /* FeaturedRecipesCollectionViewCell.swift in Sources */,
				EF07259D1EF84C7700A446E7 /* CustomTextField.swift in Sources */,
				EF7A0A4A1F0196EE00F19C49 /* CategoryTableViewController.swift in Sources */,
				EF01C8271EF9982200AE7F86 /* RecipeList.swift in Sources */,
				EFDBEBA21EF54B3000B6E836 /* AppDelegate.swift in Sources */,
				EF7D3CCF1F02D78A0006CF27 /* CustomView.swift in Sources */,
				EF7A0A4D1F01975500F19C49 /* CategoryTableViewCell.swift in Sources */,
				EF7D3CD11F02EAF40006CF27 /* RecipeOpenTableViewController.swift in Sources */,
				EFDBEBC71EF6B7FC00B6E836 /* LogInSignUpViewController.swift in Sources */,
				EFDBEBC51EF6284700B6E836 /* CustomButton.swift in Sources */,
				EF01C8241EF991D800AE7F86 /* Recipe.swift in Sources */,
				EF5F0E6B1EFC119C00BF7722 /* TestTableViewController.swift in Sources */,
			);
			runOnlyForDeploymentPostprocessing = 0;
		};
/* End PBXSourcesBuildPhase section */

/* Begin PBXVariantGroup section */
		EFDBEBA51EF54B3000B6E836 /* Main.storyboard */ = {
			isa = PBXVariantGroup;
			children = (
				EFDBEBA61EF54B3000B6E836 /* Base */,
			);
			name = Main.storyboard;
			sourceTree = "<group>";
		};
		EFDBEBAD1EF54B3000B6E836 /* LaunchScreen.storyboard */ = {
			isa = PBXVariantGroup;
			children = (
				EFDBEBAE1EF54B3000B6E836 /* Base */,
			);
			name = LaunchScreen.storyboard;
			sourceTree = "<group>";
		};
/* End PBXVariantGroup section */

/* Begin XCBuildConfiguration section */
		EFDBEBB11EF54B3000B6E836 /* Debug */ = {
			isa = XCBuildConfiguration;
			buildSettings = {
				ALWAYS_SEARCH_USER_PATHS = NO;
				CLANG_ANALYZER_NONNULL = YES;
				CLANG_ANALYZER_NUMBER_OBJECT_CONVERSION = YES_AGGRESSIVE;
				CLANG_CXX_LANGUAGE_STANDARD = "gnu++0x";
				CLANG_CXX_LIBRARY = "libc++";
				CLANG_ENABLE_MODULES = YES;
				CLANG_ENABLE_OBJC_ARC = YES;
				CLANG_WARN_BOOL_CONVERSION = YES;
				CLANG_WARN_CONSTANT_CONVERSION = YES;
				CLANG_WARN_DIRECT_OBJC_ISA_USAGE = YES_ERROR;
				CLANG_WARN_DOCUMENTATION_COMMENTS = YES;
				CLANG_WARN_EMPTY_BODY = YES;
				CLANG_WARN_ENUM_CONVERSION = YES;
				CLANG_WARN_INFINITE_RECURSION = YES;
				CLANG_WARN_INT_CONVERSION = YES;
				CLANG_WARN_OBJC_ROOT_CLASS = YES_ERROR;
				CLANG_WARN_SUSPICIOUS_MOVE = YES;
				CLANG_WARN_UNREACHABLE_CODE = YES;
				CLANG_WARN__DUPLICATE_METHOD_MATCH = YES;
				"CODE_SIGN_IDENTITY[sdk=iphoneos*]" = "iPhone Developer";
				COPY_PHASE_STRIP = NO;
				DEBUG_INFORMATION_FORMAT = dwarf;
				ENABLE_STRICT_OBJC_MSGSEND = YES;
				ENABLE_TESTABILITY = YES;
				GCC_C_LANGUAGE_STANDARD = gnu99;
				GCC_DYNAMIC_NO_PIC = NO;
				GCC_NO_COMMON_BLOCKS = YES;
				GCC_OPTIMIZATION_LEVEL = 0;
				GCC_PREPROCESSOR_DEFINITIONS = (
					"DEBUG=1",
					"$(inherited)",
				);
				GCC_WARN_64_TO_32_BIT_CONVERSION = YES;
				GCC_WARN_ABOUT_RETURN_TYPE = YES_ERROR;
				GCC_WARN_UNDECLARED_SELECTOR = YES;
				GCC_WARN_UNINITIALIZED_AUTOS = YES_AGGRESSIVE;
				GCC_WARN_UNUSED_FUNCTION = YES;
				GCC_WARN_UNUSED_VARIABLE = YES;
				IPHONEOS_DEPLOYMENT_TARGET = 10.3;
				MTL_ENABLE_DEBUG_INFO = YES;
				ONLY_ACTIVE_ARCH = YES;
				SDKROOT = iphoneos;
				SWIFT_ACTIVE_COMPILATION_CONDITIONS = DEBUG;
				SWIFT_OPTIMIZATION_LEVEL = "-Onone";
			};
			name = Debug;
		};
		EFDBEBB21EF54B3000B6E836 /* Release */ = {
			isa = XCBuildConfiguration;
			buildSettings = {
				ALWAYS_SEARCH_USER_PATHS = NO;
				CLANG_ANALYZER_NONNULL = YES;
				CLANG_ANALYZER_NUMBER_OBJECT_CONVERSION = YES_AGGRESSIVE;
				CLANG_CXX_LANGUAGE_STANDARD = "gnu++0x";
				CLANG_CXX_LIBRARY = "libc++";
				CLANG_ENABLE_MODULES = YES;
				CLANG_ENABLE_OBJC_ARC = YES;
				CLANG_WARN_BOOL_CONVERSION = YES;
				CLANG_WARN_CONSTANT_CONVERSION = YES;
				CLANG_WARN_DIRECT_OBJC_ISA_USAGE = YES_ERROR;
				CLANG_WARN_DOCUMENTATION_COMMENTS = YES;
				CLANG_WARN_EMPTY_BODY = YES;
				CLANG_WARN_ENUM_CONVERSION = YES;
				CLANG_WARN_INFINITE_RECURSION = YES;
				CLANG_WARN_INT_CONVERSION = YES;
				CLANG_WARN_OBJC_ROOT_CLASS = YES_ERROR;
				CLANG_WARN_SUSPICIOUS_MOVE = YES;
				CLANG_WARN_UNREACHABLE_CODE = YES;
				CLANG_WARN__DUPLICATE_METHOD_MATCH = YES;
				"CODE_SIGN_IDENTITY[sdk=iphoneos*]" = "iPhone Developer";
				COPY_PHASE_STRIP = NO;
				DEBUG_INFORMATION_FORMAT = "dwarf-with-dsym";
				ENABLE_NS_ASSERTIONS = NO;
				ENABLE_STRICT_OBJC_MSGSEND = YES;
				GCC_C_LANGUAGE_STANDARD = gnu99;
				GCC_NO_COMMON_BLOCKS = YES;
				GCC_WARN_64_TO_32_BIT_CONVERSION = YES;
				GCC_WARN_ABOUT_RETURN_TYPE = YES_ERROR;
				GCC_WARN_UNDECLARED_SELECTOR = YES;
				GCC_WARN_UNINITIALIZED_AUTOS = YES_AGGRESSIVE;
				GCC_WARN_UNUSED_FUNCTION = YES;
				GCC_WARN_UNUSED_VARIABLE = YES;
				IPHONEOS_DEPLOYMENT_TARGET = 10.3;
				MTL_ENABLE_DEBUG_INFO = NO;
				SDKROOT = iphoneos;
				SWIFT_OPTIMIZATION_LEVEL = "-Owholemodule";
				VALIDATE_PRODUCT = YES;
			};
			name = Release;
		};
		EFDBEBB41EF54B3000B6E836 /* Debug */ = {
			isa = XCBuildConfiguration;
			buildSettings = {
				ASSETCATALOG_COMPILER_APPICON_NAME = AppIcon;
				FRAMEWORK_SEARCH_PATHS = (
					"$(inherited)",
					"$(PROJECT_DIR)/Carthage/Build/iOS",
				);
				INFOPLIST_FILE = FLAVOR/Info.plist;
				LD_RUNPATH_SEARCH_PATHS = "$(inherited) @executable_path/Frameworks";
				PRODUCT_BUNDLE_IDENTIFIER = com.gmail.chidiemeh184.FLAVOR;
				PRODUCT_NAME = "$(TARGET_NAME)";
				SWIFT_VERSION = 3.0;
			};
			name = Debug;
		};
		EFDBEBB51EF54B3000B6E836 /* Release */ = {
			isa = XCBuildConfiguration;
			buildSettings = {
				ASSETCATALOG_COMPILER_APPICON_NAME = AppIcon;
				FRAMEWORK_SEARCH_PATHS = (
					"$(inherited)",
					"$(PROJECT_DIR)/Carthage/Build/iOS",
				);
				INFOPLIST_FILE = FLAVOR/Info.plist;
				LD_RUNPATH_SEARCH_PATHS = "$(inherited) @executable_path/Frameworks";
				PRODUCT_BUNDLE_IDENTIFIER = com.gmail.chidiemeh184.FLAVOR;
				PRODUCT_NAME = "$(TARGET_NAME)";
				SWIFT_VERSION = 3.0;
			};
			name = Release;
		};
/* End XCBuildConfiguration section */

/* Begin XCConfigurationList section */
		EFDBEB991EF54B2F00B6E836 /* Build configuration list for PBXProject "FLAVOR" */ = {
			isa = XCConfigurationList;
			buildConfigurations = (
				EFDBEBB11EF54B3000B6E836 /* Debug */,
				EFDBEBB21EF54B3000B6E836 /* Release */,
			);
			defaultConfigurationIsVisible = 0;
			defaultConfigurationName = Release;
		};
		EFDBEBB31EF54B3000B6E836 /* Build configuration list for PBXNativeTarget "FLAVOR" */ = {
			isa = XCConfigurationList;
			buildConfigurations = (
				EFDBEBB41EF54B3000B6E836 /* Debug */,
				EFDBEBB51EF54B3000B6E836 /* Release */,
			);
			defaultConfigurationIsVisible = 0;
			defaultConfigurationName = Release;
		};
/* End XCConfigurationList section */

/* Begin XCVersionGroup section */
		EFDBEBA81EF54B3000B6E836 /* FLAVOR.xcdatamodeld */ = {
			isa = XCVersionGroup;
			children = (
				EFDBEBA91EF54B3000B6E836 /* FLAVOR.xcdatamodel */,
			);
			currentVersion = EFDBEBA91EF54B3000B6E836 /* FLAVOR.xcdatamodel */;
			path = FLAVOR.xcdatamodeld;
			sourceTree = "<group>";
			versionGroupType = wrapper.xcdatamodel;
		};
/* End XCVersionGroup section */
	};
	rootObject = EFDBEB961EF54B2F00B6E836 /* Project object */;
}
